
Microsoft Visual Studio Solution File, Format Version 12.00
# Visual Studio Version 17
VisualStudioVersion = 17.1.32414.318
MinimumVisualStudioVersion = 10.0.40219.1
Project("{FAE04EC0-301F-11D3-BF4B-00C04F79EFBC}") = "geometry3", "geometry3\geometry3.csproj", "{55ACE7FB-21AA-4EE7-BBFB-D1220E7B8EFE}"
EndProject
Global
	GlobalSection(SolutionConfigurationPlatforms) = preSolution
		Debug|Any CPU = Debug|Any CPU
		Release|Any CPU = Release|Any CPU
	EndGlobalSection
	GlobalSection(ProjectConfigurationPlatforms) = postSolution
		{55ACE7FB-21AA-4EE7-BBFB-D1220E7B8EFE}.Debug|Any CPU.ActiveCfg = Debug|Any CPU
		{55ACE7FB-21AA-4EE7-BBFB-D1220E7B8EFE}.Debug|Any CPU.Build.0 = Debug|Any CPU
		{55ACE7FB-21AA-4EE7-BBFB-D1220E7B8EFE}.Release|Any CPU.ActiveCfg = Release|Any CPU
		{55ACE7FB-21AA-4EE7-BBFB-D1220E7B8EFE}.Release|Any CPU.Build.0 = Release|Any CPU
	EndGlobalSection
	GlobalSection(SolutionProperties) = preSolution
		HideSolutionNode = FALSE
	EndGlobalSection
	GlobalSection(ExtensibilityGlobals) = postSolution
		SolutionGuid = {D0680C29-5266-4C7A-9FA3-48C341713D5F}
	EndGlobalSection
EndGlobal
